
Microsoft Visual Studio Solution File, Format Version 12.00
# Visual Studio Version 17
VisualStudioVersion = 17.11.35219.272
MinimumVisualStudioVersion = 10.0.40219.1
Project("{FAE04EC0-301F-11D3-BF4B-00C04F79EFBC}") = "TestMindbox", "TestMindbox\TestMindbox.csproj", "{794FAC4B-D5D9-45EE-9407-C1463D6CC15D}"
EndProject
Global
	GlobalSection(SolutionConfigurationPlatforms) = preSolution
		Debug|Any CPU = Debug|Any CPU
		Release|Any CPU = Release|Any CPU
	EndGlobalSection
	GlobalSection(ProjectConfigurationPlatforms) = postSolution
		{794FAC4B-D5D9-45EE-9407-C1463D6CC15D}.Debug|Any CPU.ActiveCfg = Debug|Any CPU
		{794FAC4B-D5D9-45EE-9407-C1463D6CC15D}.Debug|Any CPU.Build.0 = Debug|Any CPU
		{794FAC4B-D5D9-45EE-9407-C1463D6CC15D}.Release|Any CPU.ActiveCfg = Release|Any CPU
		{794FAC4B-D5D9-45EE-9407-C1463D6CC15D}.Release|Any CPU.Build.0 = Release|Any CPU
	EndGlobalSection
	GlobalSection(SolutionProperties) = preSolution
		HideSolutionNode = FALSE
	EndGlobalSection
	GlobalSection(ExtensibilityGlobals) = postSolution
		SolutionGuid = {78241963-94D0-4A97-8A68-B8A41F91BE78}
	EndGlobalSection
EndGlobal
